// !$*UTF8*$!
{
	archiveVersion = 1;
	classes = {
	};
	objectVersion = 55;
	objects = {

/* Begin PBXBuildFile section */
		D25BE54F2899B65C0008DF3D /* ObservableCombineViewController.swift in Sources */ = {isa = PBXBuildFile; fileRef = D25BE54E2899B65C0008DF3D /* ObservableCombineViewController.swift */; };
		D25BE5512899B6860008DF3D /* ObservableCombineViewModel.swift in Sources */ = {isa = PBXBuildFile; fileRef = D25BE5502899B6860008DF3D /* ObservableCombineViewModel.swift */; };
		D25BE5542899BB850008DF3D /* CompletionHandlerViewController.swift in Sources */ = {isa = PBXBuildFile; fileRef = D25BE5532899BB850008DF3D /* CompletionHandlerViewController.swift */; };
		D25BE5562899BBA20008DF3D /* CompletionHandlerViewModel.swift in Sources */ = {isa = PBXBuildFile; fileRef = D25BE5552899BBA20008DF3D /* CompletionHandlerViewModel.swift */; };
		D25BE5592899C0240008DF3D /* FunctionReturnViewController.swift in Sources */ = {isa = PBXBuildFile; fileRef = D25BE5582899C0240008DF3D /* FunctionReturnViewController.swift */; };
		D25BE55B2899C03F0008DF3D /* FunctionReturnViewModel.swift in Sources */ = {isa = PBXBuildFile; fileRef = D25BE55A2899C03F0008DF3D /* FunctionReturnViewModel.swift */; };
		D25BE55E2899C5BE0008DF3D /* AsyncAwaitViewController.swift in Sources */ = {isa = PBXBuildFile; fileRef = D25BE55D2899C5BE0008DF3D /* AsyncAwaitViewController.swift */; };
		D25BE5602899C5F20008DF3D /* AsyncAwaitViewModel.swift in Sources */ = {isa = PBXBuildFile; fileRef = D25BE55F2899C5F20008DF3D /* AsyncAwaitViewModel.swift */; };
		D25BE5632899D27A0008DF3D /* Observable.swift in Sources */ = {isa = PBXBuildFile; fileRef = D25BE5622899D27A0008DF3D /* Observable.swift */; };
		D25BE5652899D4080008DF3D /* ObservableViewModel.swift in Sources */ = {isa = PBXBuildFile; fileRef = D25BE5642899D4080008DF3D /* ObservableViewModel.swift */; };
		D25BE5672899D5F50008DF3D /* APIManager.swift in Sources */ = {isa = PBXBuildFile; fileRef = D25BE5662899D5F50008DF3D /* APIManager.swift */; };
		D25BE569289A0CF50008DF3D /* ObservableViewController.swift in Sources */ = {isa = PBXBuildFile; fileRef = D25BE568289A0CF50008DF3D /* ObservableViewController.swift */; };
		D2F26F7F2891A2C200F2DF34 /* AppDelegate.swift in Sources */ = {isa = PBXBuildFile; fileRef = D2F26F7E2891A2C200F2DF34 /* AppDelegate.swift */; };
		D2F26F812891A2C200F2DF34 /* SceneDelegate.swift in Sources */ = {isa = PBXBuildFile; fileRef = D2F26F802891A2C200F2DF34 /* SceneDelegate.swift */; };
		D2F26F832891A2C200F2DF34 /* DelegatePatternViewController.swift in Sources */ = {isa = PBXBuildFile; fileRef = D2F26F822891A2C200F2DF34 /* DelegatePatternViewController.swift */; };
		D2F26F882891A2C400F2DF34 /* Assets.xcassets in Resources */ = {isa = PBXBuildFile; fileRef = D2F26F872891A2C400F2DF34 /* Assets.xcassets */; };
		D2F26F8B2891A2C400F2DF34 /* LaunchScreen.storyboard in Resources */ = {isa = PBXBuildFile; fileRef = D2F26F892891A2C400F2DF34 /* LaunchScreen.storyboard */; };
		D2F26F962891A73900F2DF34 /* DelegatePatternViewModel.swift in Sources */ = {isa = PBXBuildFile; fileRef = D2F26F952891A73900F2DF34 /* DelegatePatternViewModel.swift */; };
		D2F26F982893995700F2DF34 /* User.swift in Sources */ = {isa = PBXBuildFile; fileRef = D2F26F972893995700F2DF34 /* User.swift */; };
/* End PBXBuildFile section */

/* Begin PBXFileReference section */
		D25BE54E2899B65C0008DF3D /* ObservableCombineViewController.swift */ = {isa = PBXFileReference; lastKnownFileType = sourcecode.swift; path = ObservableCombineViewController.swift; sourceTree = "<group>"; };
		D25BE5502899B6860008DF3D /* ObservableCombineViewModel.swift */ = {isa = PBXFileReference; lastKnownFileType = sourcecode.swift; path = ObservableCombineViewModel.swift; sourceTree = "<group>"; };
		D25BE5532899BB850008DF3D /* CompletionHandlerViewController.swift */ = {isa = PBXFileReference; lastKnownFileType = sourcecode.swift; path = CompletionHandlerViewController.swift; sourceTree = "<group>"; };
		D25BE5552899BBA20008DF3D /* CompletionHandlerViewModel.swift */ = {isa = PBXFileReference; lastKnownFileType = sourcecode.swift; path = CompletionHandlerViewModel.swift; sourceTree = "<group>"; };
		D25BE5582899C0240008DF3D /* FunctionReturnViewController.swift */ = {isa = PBXFileReference; lastKnownFileType = sourcecode.swift; path = FunctionReturnViewController.swift; sourceTree = "<group>"; };
		D25BE55A2899C03F0008DF3D /* FunctionReturnViewModel.swift */ = {isa = PBXFileReference; lastKnownFileType = sourcecode.swift; path = FunctionReturnViewModel.swift; sourceTree = "<group>"; };
		D25BE55D2899C5BE0008DF3D /* AsyncAwaitViewController.swift */ = {isa = PBXFileReference; lastKnownFileType = sourcecode.swift; path = AsyncAwaitViewController.swift; sourceTree = "<group>"; };
		D25BE55F2899C5F20008DF3D /* AsyncAwaitViewModel.swift */ = {isa = PBXFileReference; lastKnownFileType = sourcecode.swift; path = AsyncAwaitViewModel.swift; sourceTree = "<group>"; };
		D25BE5622899D27A0008DF3D /* Observable.swift */ = {isa = PBXFileReference; lastKnownFileType = sourcecode.swift; path = Observable.swift; sourceTree = "<group>"; };
		D25BE5642899D4080008DF3D /* ObservableViewModel.swift */ = {isa = PBXFileReference; lastKnownFileType = sourcecode.swift; path = ObservableViewModel.swift; sourceTree = "<group>"; };
		D25BE5662899D5F50008DF3D /* APIManager.swift */ = {isa = PBXFileReference; lastKnownFileType = sourcecode.swift; path = APIManager.swift; sourceTree = "<group>"; };
		D25BE568289A0CF50008DF3D /* ObservableViewController.swift */ = {isa = PBXFileReference; lastKnownFileType = sourcecode.swift; path = ObservableViewController.swift; sourceTree = "<group>"; };
		D2F26F7B2891A2C200F2DF34 /* DataBindingMethods.app */ = {isa = PBXFileReference; explicitFileType = wrapper.application; includeInIndex = 0; path = DataBindingMethods.app; sourceTree = BUILT_PRODUCTS_DIR; };
		D2F26F7E2891A2C200F2DF34 /* AppDelegate.swift */ = {isa = PBXFileReference; lastKnownFileType = sourcecode.swift; path = AppDelegate.swift; sourceTree = "<group>"; };
		D2F26F802891A2C200F2DF34 /* SceneDelegate.swift */ = {isa = PBXFileReference; lastKnownFileType = sourcecode.swift; path = SceneDelegate.swift; sourceTree = "<group>"; };
		D2F26F822891A2C200F2DF34 /* DelegatePatternViewController.swift */ = {isa = PBXFileReference; lastKnownFileType = sourcecode.swift; path = DelegatePatternViewController.swift; sourceTree = "<group>"; };
		D2F26F872891A2C400F2DF34 /* Assets.xcassets */ = {isa = PBXFileReference; lastKnownFileType = folder.assetcatalog; path = Assets.xcassets; sourceTree = "<group>"; };
		D2F26F8A2891A2C400F2DF34 /* Base */ = {isa = PBXFileReference; lastKnownFileType = file.storyboard; name = Base; path = Base.lproj/LaunchScreen.storyboard; sourceTree = "<group>"; };
		D2F26F8C2891A2C400F2DF34 /* Info.plist */ = {isa = PBXFileReference; lastKnownFileType = text.plist.xml; path = Info.plist; sourceTree = "<group>"; };
		D2F26F952891A73900F2DF34 /* DelegatePatternViewModel.swift */ = {isa = PBXFileReference; lastKnownFileType = sourcecode.swift; path = DelegatePatternViewModel.swift; sourceTree = "<group>"; };
		D2F26F972893995700F2DF34 /* User.swift */ = {isa = PBXFileReference; lastKnownFileType = sourcecode.swift; path = User.swift; sourceTree = "<group>"; };
/* End PBXFileReference section */

/* Begin PBXFrameworksBuildPhase section */
		D2F26F782891A2C200F2DF34 /* Frameworks */ = {
			isa = PBXFrameworksBuildPhase;
			buildActionMask = 2147483647;
			files = (
			);
			runOnlyForDeploymentPostprocessing = 0;
		};
/* End PBXFrameworksBuildPhase section */

/* Begin PBXGroup section */
		D25BE54B2899B4E60008DF3D /* DelegatePattern */ = {
			isa = PBXGroup;
			children = (
				D2F26F822891A2C200F2DF34 /* DelegatePatternViewController.swift */,
				D2F26F952891A73900F2DF34 /* DelegatePatternViewModel.swift */,
			);
			path = DelegatePattern;
			sourceTree = "<group>";
		};
		D25BE54C2899B5090008DF3D /* ObservableCombine */ = {
			isa = PBXGroup;
			children = (
				D25BE54E2899B65C0008DF3D /* ObservableCombineViewController.swift */,
				D25BE5502899B6860008DF3D /* ObservableCombineViewModel.swift */,
			);
			path = ObservableCombine;
			sourceTree = "<group>";
		};
		D25BE54D2899B5760008DF3D /* Model */ = {
			isa = PBXGroup;
			children = (
				D2F26F972893995700F2DF34 /* User.swift */,
			);
			path = Model;
			sourceTree = "<group>";
		};
		D25BE5522899BB610008DF3D /* CompletionHandler */ = {
			isa = PBXGroup;
			children = (
				D25BE5532899BB850008DF3D /* CompletionHandlerViewController.swift */,
				D25BE5552899BBA20008DF3D /* CompletionHandlerViewModel.swift */,
			);
			path = CompletionHandler;
			sourceTree = "<group>";
		};
		D25BE5572899BFEF0008DF3D /* FunctionReturn */ = {
			isa = PBXGroup;
			children = (
				D25BE5582899C0240008DF3D /* FunctionReturnViewController.swift */,
				D25BE55A2899C03F0008DF3D /* FunctionReturnViewModel.swift */,
			);
			path = FunctionReturn;
			sourceTree = "<group>";
		};
		D25BE55C2899C5A10008DF3D /* AsyncAwait */ = {
			isa = PBXGroup;
			children = (
				D25BE55D2899C5BE0008DF3D /* AsyncAwaitViewController.swift */,
				D25BE55F2899C5F20008DF3D /* AsyncAwaitViewModel.swift */,
			);
			path = AsyncAwait;
			sourceTree = "<group>";
		};
		D25BE5612899D2560008DF3D /* Observable */ = {
			isa = PBXGroup;
			children = (
				D25BE5622899D27A0008DF3D /* Observable.swift */,
				D25BE5642899D4080008DF3D /* ObservableViewModel.swift */,
				D25BE5662899D5F50008DF3D /* APIManager.swift */,
				D25BE568289A0CF50008DF3D /* ObservableViewController.swift */,
			);
			path = Observable;
			sourceTree = "<group>";
		};
		D2F26F722891A2C200F2DF34 = {
			isa = PBXGroup;
			children = (
				D2F26F7D2891A2C200F2DF34 /* DataBindingMethods */,
				D2F26F7C2891A2C200F2DF34 /* Products */,
			);
			sourceTree = "<group>";
		};
		D2F26F7C2891A2C200F2DF34 /* Products */ = {
			isa = PBXGroup;
			children = (
				D2F26F7B2891A2C200F2DF34 /* DataBindingMethods.app */,
			);
			name = Products;
			sourceTree = "<group>";
		};
		D2F26F7D2891A2C200F2DF34 /* DataBindingMethods */ = {
			isa = PBXGroup;
			children = (
				D2F26F932891A2F700F2DF34 /* Main */,
				D2F26F922891A2ED00F2DF34 /* Modules */,
				D2F26F942891A38700F2DF34 /* Resources */,
			);
			path = DataBindingMethods;
			sourceTree = "<group>";
		};
		D2F26F922891A2ED00F2DF34 /* Modules */ = {
			isa = PBXGroup;
			children = (
				D25BE55C2899C5A10008DF3D /* AsyncAwait */,
				D25BE5522899BB610008DF3D /* CompletionHandler */,
				D25BE54B2899B4E60008DF3D /* DelegatePattern */,
				D25BE5572899BFEF0008DF3D /* FunctionReturn */,
				D25BE54D2899B5760008DF3D /* Model */,
				D25BE5612899D2560008DF3D /* Observable */,
				D25BE54C2899B5090008DF3D /* ObservableCombine */,
			);
			path = Modules;
			sourceTree = "<group>";
		};
		D2F26F932891A2F700F2DF34 /* Main */ = {
			isa = PBXGroup;
			children = (
				D2F26F7E2891A2C200F2DF34 /* AppDelegate.swift */,
				D2F26F802891A2C200F2DF34 /* SceneDelegate.swift */,
				D2F26F8C2891A2C400F2DF34 /* Info.plist */,
				D2F26F892891A2C400F2DF34 /* LaunchScreen.storyboard */,
			);
			path = Main;
			sourceTree = "<group>";
		};
		D2F26F942891A38700F2DF34 /* Resources */ = {
			isa = PBXGroup;
			children = (
				D2F26F872891A2C400F2DF34 /* Assets.xcassets */,
			);
			path = Resources;
			sourceTree = "<group>";
		};
/* End PBXGroup section */

/* Begin PBXNativeTarget section */
		D2F26F7A2891A2C200F2DF34 /* DataBindingMethods */ = {
			isa = PBXNativeTarget;
			buildConfigurationList = D2F26F8F2891A2C400F2DF34 /* Build configuration list for PBXNativeTarget "DataBindingMethods" */;
			buildPhases = (
				D2F26F772891A2C200F2DF34 /* Sources */,
				D2F26F782891A2C200F2DF34 /* Frameworks */,
				D2F26F792891A2C200F2DF34 /* Resources */,
			);
			buildRules = (
			);
			dependencies = (
			);
			name = DataBindingMethods;
			productName = DataBindingMethods;
			productReference = D2F26F7B2891A2C200F2DF34 /* DataBindingMethods.app */;
			productType = "com.apple.product-type.application";
		};
/* End PBXNativeTarget section */

/* Begin PBXProject section */
		D2F26F732891A2C200F2DF34 /* Project object */ = {
			isa = PBXProject;
			attributes = {
				BuildIndependentTargetsInParallel = 1;
				LastSwiftUpdateCheck = 1320;
				LastUpgradeCheck = 1320;
				TargetAttributes = {
					D2F26F7A2891A2C200F2DF34 = {
						CreatedOnToolsVersion = 13.2.1;
					};
				};
			};
			buildConfigurationList = D2F26F762891A2C200F2DF34 /* Build configuration list for PBXProject "DataBindingMethods" */;
			compatibilityVersion = "Xcode 13.0";
			developmentRegion = en;
			hasScannedForEncodings = 0;
			knownRegions = (
				en,
				Base,
			);
			mainGroup = D2F26F722891A2C200F2DF34;
			productRefGroup = D2F26F7C2891A2C200F2DF34 /* Products */;
			projectDirPath = "";
			projectRoot = "";
			targets = (
				D2F26F7A2891A2C200F2DF34 /* DataBindingMethods */,
			);
		};
/* End PBXProject section */

/* Begin PBXResourcesBuildPhase section */
		D2F26F792891A2C200F2DF34 /* Resources */ = {
			isa = PBXResourcesBuildPhase;
			buildActionMask = 2147483647;
			files = (
				D2F26F8B2891A2C400F2DF34 /* LaunchScreen.storyboard in Resources */,
				D2F26F882891A2C400F2DF34 /* Assets.xcassets in Resources */,
			);
			runOnlyForDeploymentPostprocessing = 0;
		};
/* End PBXResourcesBuildPhase section */

/* Begin PBXSourcesBuildPhase section */
		D2F26F772891A2C200F2DF34 /* Sources */ = {
			isa = PBXSourcesBuildPhase;
			buildActionMask = 2147483647;
			files = (
				D25BE5672899D5F50008DF3D /* APIManager.swift in Sources */,
				D2F26F832891A2C200F2DF34 /* DelegatePatternViewController.swift in Sources */,
				D2F26F7F2891A2C200F2DF34 /* AppDelegate.swift in Sources */,
				D2F26F812891A2C200F2DF34 /* SceneDelegate.swift in Sources */,
				D2F26F982893995700F2DF34 /* User.swift in Sources */,
				D25BE55E2899C5BE0008DF3D /* AsyncAwaitViewController.swift in Sources */,
				D25BE5652899D4080008DF3D /* ObservableViewModel.swift in Sources */,
				D25BE5512899B6860008DF3D /* ObservableCombineViewModel.swift in Sources */,
				D25BE55B2899C03F0008DF3D /* FunctionReturnViewModel.swift in Sources */,
				D25BE5562899BBA20008DF3D /* CompletionHandlerViewModel.swift in Sources */,
				D2F26F962891A73900F2DF34 /* DelegatePatternViewModel.swift in Sources */,
				D25BE569289A0CF50008DF3D /* ObservableViewController.swift in Sources */,
				D25BE54F2899B65C0008DF3D /* ObservableCombineViewController.swift in Sources */,
				D25BE5632899D27A0008DF3D /* Observable.swift in Sources */,
				D25BE5592899C0240008DF3D /* FunctionReturnViewController.swift in Sources */,
				D25BE5602899C5F20008DF3D /* AsyncAwaitViewModel.swift in Sources */,
				D25BE5542899BB850008DF3D /* CompletionHandlerViewController.swift in Sources */,
			);
			runOnlyForDeploymentPostprocessing = 0;
		};
/* End PBXSourcesBuildPhase section */

/* Begin PBXVariantGroup section */
		D2F26F892891A2C400F2DF34 /* LaunchScreen.storyboard */ = {
			isa = PBXVariantGroup;
			children = (
				D2F26F8A2891A2C400F2DF34 /* Base */,
			);
			name = LaunchScreen.storyboard;
			sourceTree = "<group>";
		};
/* End PBXVariantGroup section */

/* Begin XCBuildConfiguration section */
		D2F26F8D2891A2C400F2DF34 /* Debug */ = {
			isa = XCBuildConfiguration;
			buildSettings = {
				ALWAYS_SEARCH_USER_PATHS = NO;
				CLANG_ANALYZER_NONNULL = YES;
				CLANG_ANALYZER_NUMBER_OBJECT_CONVERSION = YES_AGGRESSIVE;
				CLANG_CXX_LANGUAGE_STANDARD = "gnu++17";
				CLANG_CXX_LIBRARY = "libc++";
				CLANG_ENABLE_MODULES = YES;
				CLANG_ENABLE_OBJC_ARC = YES;
				CLANG_ENABLE_OBJC_WEAK = YES;
				CLANG_WARN_BLOCK_CAPTURE_AUTORELEASING = YES;
				CLANG_WARN_BOOL_CONVERSION = YES;
				CLANG_WARN_COMMA = YES;
				CLANG_WARN_CONSTANT_CONVERSION = YES;
				CLANG_WARN_DEPRECATED_OBJC_IMPLEMENTATIONS = YES;
				CLANG_WARN_DIRECT_OBJC_ISA_USAGE = YES_ERROR;
				CLANG_WARN_DOCUMENTATION_COMMENTS = YES;
				CLANG_WARN_EMPTY_BODY = YES;
				CLANG_WARN_ENUM_CONVERSION = YES;
				CLANG_WARN_INFINITE_RECURSION = YES;
				CLANG_WARN_INT_CONVERSION = YES;
				CLANG_WARN_NON_LITERAL_NULL_CONVERSION = YES;
				CLANG_WARN_OBJC_IMPLICIT_RETAIN_SELF = YES;
				CLANG_WARN_OBJC_LITERAL_CONVERSION = YES;
				CLANG_WARN_OBJC_ROOT_CLASS = YES_ERROR;
				CLANG_WARN_QUOTED_INCLUDE_IN_FRAMEWORK_HEADER = YES;
				CLANG_WARN_RANGE_LOOP_ANALYSIS = YES;
				CLANG_WARN_STRICT_PROTOTYPES = YES;
				CLANG_WARN_SUSPICIOUS_MOVE = YES;
				CLANG_WARN_UNGUARDED_AVAILABILITY = YES_AGGRESSIVE;
				CLANG_WARN_UNREACHABLE_CODE = YES;
				CLANG_WARN__DUPLICATE_METHOD_MATCH = YES;
				COPY_PHASE_STRIP = NO;
				DEBUG_INFORMATION_FORMAT = dwarf;
				ENABLE_STRICT_OBJC_MSGSEND = YES;
				ENABLE_TESTABILITY = YES;
				GCC_C_LANGUAGE_STANDARD = gnu11;
				GCC_DYNAMIC_NO_PIC = NO;
				GCC_NO_COMMON_BLOCKS = YES;
				GCC_OPTIMIZATION_LEVEL = 0;
				GCC_PREPROCESSOR_DEFINITIONS = (
					"DEBUG=1",
					"$(inherited)",
				);
				GCC_WARN_64_TO_32_BIT_CONVERSION = YES;
				GCC_WARN_ABOUT_RETURN_TYPE = YES_ERROR;
				GCC_WARN_UNDECLARED_SELECTOR = YES;
				GCC_WARN_UNINITIALIZED_AUTOS = YES_AGGRESSIVE;
				GCC_WARN_UNUSED_FUNCTION = YES;
				GCC_WARN_UNUSED_VARIABLE = YES;
				IPHONEOS_DEPLOYMENT_TARGET = 15.2;
				MTL_ENABLE_DEBUG_INFO = INCLUDE_SOURCE;
				MTL_FAST_MATH = YES;
				ONLY_ACTIVE_ARCH = YES;
				SDKROOT = iphoneos;
				SWIFT_ACTIVE_COMPILATION_CONDITIONS = DEBUG;
				SWIFT_OPTIMIZATION_LEVEL = "-Onone";
			};
			name = Debug;
		};
		D2F26F8E2891A2C400F2DF34 /* Release */ = {
			isa = XCBuildConfiguration;
			buildSettings = {
				ALWAYS_SEARCH_USER_PATHS = NO;
				CLANG_ANALYZER_NONNULL = YES;
				CLANG_ANALYZER_NUMBER_OBJECT_CONVERSION = YES_AGGRESSIVE;
				CLANG_CXX_LANGUAGE_STANDARD = "gnu++17";
				CLANG_CXX_LIBRARY = "libc++";
				CLANG_ENABLE_MODULES = YES;
				CLANG_ENABLE_OBJC_ARC = YES;
				CLANG_ENABLE_OBJC_WEAK = YES;
				CLANG_WARN_BLOCK_CAPTURE_AUTORELEASING = YES;
				CLANG_WARN_BOOL_CONVERSION = YES;
				CLANG_WARN_COMMA = YES;
				CLANG_WARN_CONSTANT_CONVERSION = YES;
				CLANG_WARN_DEPRECATED_OBJC_IMPLEMENTATIONS = YES;
				CLANG_WARN_DIRECT_OBJC_ISA_USAGE = YES_ERROR;
				CLANG_WARN_DOCUMENTATION_COMMENTS = YES;
				CLANG_WARN_EMPTY_BODY = YES;
				CLANG_WARN_ENUM_CONVERSION = YES;
				CLANG_WARN_INFINITE_RECURSION = YES;
				CLANG_WARN_INT_CONVERSION = YES;
				CLANG_WARN_NON_LITERAL_NULL_CONVERSION = YES;
				CLANG_WARN_OBJC_IMPLICIT_RETAIN_SELF = YES;
				CLANG_WARN_OBJC_LITERAL_CONVERSION = YES;
				CLANG_WARN_OBJC_ROOT_CLASS = YES_ERROR;
				CLANG_WARN_QUOTED_INCLUDE_IN_FRAMEWORK_HEADER = YES;
				CLANG_WARN_RANGE_LOOP_ANALYSIS = YES;
				CLANG_WARN_STRICT_PROTOTYPES = YES;
				CLANG_WARN_SUSPICIOUS_MOVE = YES;
				CLANG_WARN_UNGUARDED_AVAILABILITY = YES_AGGRESSIVE;
				CLANG_WARN_UNREACHABLE_CODE = YES;
				CLANG_WARN__DUPLICATE_METHOD_MATCH = YES;
				COPY_PHASE_STRIP = NO;
				DEBUG_INFORMATION_FORMAT = "dwarf-with-dsym";
				ENABLE_NS_ASSERTIONS = NO;
				ENABLE_STRICT_OBJC_MSGSEND = YES;
				GCC_C_LANGUAGE_STANDARD = gnu11;
				GCC_NO_COMMON_BLOCKS = YES;
				GCC_WARN_64_TO_32_BIT_CONVERSION = YES;
				GCC_WARN_ABOUT_RETURN_TYPE = YES_ERROR;
				GCC_WARN_UNDECLARED_SELECTOR = YES;
				GCC_WARN_UNINITIALIZED_AUTOS = YES_AGGRESSIVE;
				GCC_WARN_UNUSED_FUNCTION = YES;
				GCC_WARN_UNUSED_VARIABLE = YES;
				IPHONEOS_DEPLOYMENT_TARGET = 15.2;
				MTL_ENABLE_DEBUG_INFO = NO;
				MTL_FAST_MATH = YES;
				SDKROOT = iphoneos;
				SWIFT_COMPILATION_MODE = wholemodule;
				SWIFT_OPTIMIZATION_LEVEL = "-O";
				VALIDATE_PRODUCT = YES;
			};
			name = Release;
		};
		D2F26F902891A2C400F2DF34 /* Debug */ = {
			isa = XCBuildConfiguration;
			buildSettings = {
				ASSETCATALOG_COMPILER_APPICON_NAME = AppIcon;
				ASSETCATALOG_COMPILER_GLOBAL_ACCENT_COLOR_NAME = AccentColor;
				CODE_SIGN_STYLE = Automatic;
				CURRENT_PROJECT_VERSION = 1;
				DEVELOPMENT_TEAM = JAMB4MYQB2;
				GENERATE_INFOPLIST_FILE = YES;
				INFOPLIST_FILE = DataBindingMethods/Main/Info.plist;
				INFOPLIST_KEY_UIApplicationSupportsIndirectInputEvents = YES;
				INFOPLIST_KEY_UILaunchStoryboardName = LaunchScreen;
				INFOPLIST_KEY_UISupportedInterfaceOrientations_iPad = "UIInterfaceOrientationPortrait UIInterfaceOrientationPortraitUpsideDown UIInterfaceOrientationLandscapeLeft UIInterfaceOrientationLandscapeRight";
				INFOPLIST_KEY_UISupportedInterfaceOrientations_iPhone = "UIInterfaceOrientationPortrait UIInterfaceOrientationLandscapeLeft UIInterfaceOrientationLandscapeRight";
				LD_RUNPATH_SEARCH_PATHS = (
					"$(inherited)",
					"@executable_path/Frameworks",
				);
				MARKETING_VERSION = 1.0;
				PRODUCT_BUNDLE_IDENTIFIER = com.davidmolina.DataBindingMethods;
				PRODUCT_NAME = "$(TARGET_NAME)";
				SWIFT_EMIT_LOC_STRINGS = YES;
				SWIFT_VERSION = 5.0;
				TARGETED_DEVICE_FAMILY = "1,2";
			};
			name = Debug;
		};
		D2F26F912891A2C400F2DF34 /* Release */ = {
			isa = XCBuildConfiguration;
			buildSettings = {
				ASSETCATALOG_COMPILER_APPICON_NAME = AppIcon;
				ASSETCATALOG_COMPILER_GLOBAL_ACCENT_COLOR_NAME = AccentColor;
				CODE_SIGN_STYLE = Automatic;
				CURRENT_PROJECT_VERSION = 1;
				DEVELOPMENT_TEAM = JAMB4MYQB2;
				GENERATE_INFOPLIST_FILE = YES;
				INFOPLIST_FILE = DataBindingMethods/Main/Info.plist;
				INFOPLIST_KEY_UIApplicationSupportsIndirectInputEvents = YES;
				INFOPLIST_KEY_UILaunchStoryboardName = LaunchScreen;
				INFOPLIST_KEY_UISupportedInterfaceOrientations_iPad = "UIInterfaceOrientationPortrait UIInterfaceOrientationPortraitUpsideDown UIInterfaceOrientationLandscapeLeft UIInterfaceOrientationLandscapeRight";
				INFOPLIST_KEY_UISupportedInterfaceOrientations_iPhone = "UIInterfaceOrientationPortrait UIInterfaceOrientationLandscapeLeft UIInterfaceOrientationLandscapeRight";
				LD_RUNPATH_SEARCH_PATHS = (
					"$(inherited)",
					"@executable_path/Frameworks",
				);
				MARKETING_VERSION = 1.0;
				PRODUCT_BUNDLE_IDENTIFIER = com.davidmolina.DataBindingMethods;
				PRODUCT_NAME = "$(TARGET_NAME)";
				SWIFT_EMIT_LOC_STRINGS = YES;
				SWIFT_VERSION = 5.0;
				TARGETED_DEVICE_FAMILY = "1,2";
			};
			name = Release;
		};
/* End XCBuildConfiguration section */

/* Begin XCConfigurationList section */
		D2F26F762891A2C200F2DF34 /* Build configuration list for PBXProject "DataBindingMethods" */ = {
			isa = XCConfigurationList;
			buildConfigurations = (
				D2F26F8D2891A2C400F2DF34 /* Debug */,
				D2F26F8E2891A2C400F2DF34 /* Release */,
			);
			defaultConfigurationIsVisible = 0;
			defaultConfigurationName = Release;
		};
		D2F26F8F2891A2C400F2DF34 /* Build configuration list for PBXNativeTarget "DataBindingMethods" */ = {
			isa = XCConfigurationList;
			buildConfigurations = (
				D2F26F902891A2C400F2DF34 /* Debug */,
				D2F26F912891A2C400F2DF34 /* Release */,
			);
			defaultConfigurationIsVisible = 0;
			defaultConfigurationName = Release;
		};
/* End XCConfigurationList section */
	};
	rootObject = D2F26F732891A2C200F2DF34 /* Project object */;
}
